
Microsoft Visual Studio Solution File, Format Version 12.00
# Visual Studio Version 17
VisualStudioVersion = 17.8.34511.84
MinimumVisualStudioVersion = 10.0.40219.1
Project("{FAE04EC0-301F-11D3-BF4B-00C04F79EFBC}") = "dz3", "dz3\dz3.csproj", "{D25FDDF1-E1B7-437A-A847-02DEA1E5A94C}"
EndProject
Global
	GlobalSection(SolutionConfigurationPlatforms) = preSolution
		Debug|Any CPU = Debug|Any CPU
		Release|Any CPU = Release|Any CPU
	EndGlobalSection
	GlobalSection(ProjectConfigurationPlatforms) = postSolution
		{D25FDDF1-E1B7-437A-A847-02DEA1E5A94C}.Debug|Any CPU.ActiveCfg = Debug|Any CPU
		{D25FDDF1-E1B7-437A-A847-02DEA1E5A94C}.Debug|Any CPU.Build.0 = Debug|Any CPU
		{D25FDDF1-E1B7-437A-A847-02DEA1E5A94C}.Release|Any CPU.ActiveCfg = Release|Any CPU
		{D25FDDF1-E1B7-437A-A847-02DEA1E5A94C}.Release|Any CPU.Build.0 = Release|Any CPU
	EndGlobalSection
	GlobalSection(SolutionProperties) = preSolution
		HideSolutionNode = FALSE
	EndGlobalSection
	GlobalSection(ExtensibilityGlobals) = postSolution
		SolutionGuid = {B924AAFA-3D32-4CEF-B5F8-477243B161D8}
	EndGlobalSection
EndGlobal
